
Microsoft Visual Studio Solution File, Format Version 12.00
# Visual Studio 15
VisualStudioVersion = 15.0.28010.2016
MinimumVisualStudioVersion = 10.0.40219.1
Project("{FAE04EC0-301F-11D3-BF4B-00C04F79EFBC}") = "SampleProject", "SampleProject\SampleProject.csproj", "{1D82FEF6-E447-45DC-AFC8-C91EC5969F95}"
EndProject
Project("{00D1A9C2-B5F0-4AF3-8072-F6C62B433612}") = "SampleProjectDb", "SampleProjectDb\SampleProjectDb.sqlproj", "{3B247A83-3A3A-4074-887C-2CC3461D7CAC}"
EndProject
Global
	GlobalSection(SolutionConfigurationPlatforms) = preSolution
		Debug|Any CPU = Debug|Any CPU
		Release|Any CPU = Release|Any CPU
	EndGlobalSection
	GlobalSection(ProjectConfigurationPlatforms) = postSolution
		{1D82FEF6-E447-45DC-AFC8-C91EC5969F95}.Debug|Any CPU.ActiveCfg = Debug|Any CPU
		{1D82FEF6-E447-45DC-AFC8-C91EC5969F95}.Debug|Any CPU.Build.0 = Debug|Any CPU
		{1D82FEF6-E447-45DC-AFC8-C91EC5969F95}.Release|Any CPU.ActiveCfg = Release|Any CPU
		{1D82FEF6-E447-45DC-AFC8-C91EC5969F95}.Release|Any CPU.Build.0 = Release|Any CPU
		{3B247A83-3A3A-4074-887C-2CC3461D7CAC}.Debug|Any CPU.ActiveCfg = Debug|Any CPU
		{3B247A83-3A3A-4074-887C-2CC3461D7CAC}.Debug|Any CPU.Build.0 = Debug|Any CPU
		{3B247A83-3A3A-4074-887C-2CC3461D7CAC}.Debug|Any CPU.Deploy.0 = Debug|Any CPU
		{3B247A83-3A3A-4074-887C-2CC3461D7CAC}.Release|Any CPU.ActiveCfg = Release|Any CPU
		{3B247A83-3A3A-4074-887C-2CC3461D7CAC}.Release|Any CPU.Build.0 = Release|Any CPU
		{3B247A83-3A3A-4074-887C-2CC3461D7CAC}.Release|Any CPU.Deploy.0 = Release|Any CPU
	EndGlobalSection
	GlobalSection(SolutionProperties) = preSolution
		HideSolutionNode = FALSE
	EndGlobalSection
	GlobalSection(ExtensibilityGlobals) = postSolution
		SolutionGuid = {872557B8-6846-46A7-9757-97F327390331}
	EndGlobalSection
EndGlobal
